
Microsoft Visual Studio Solution File, Format Version 12.00
# Visual Studio Version 17
VisualStudioVersion = 17.1.32319.34
MinimumVisualStudioVersion = 10.0.40219.1
Project("{FAE04EC0-301F-11D3-BF4B-00C04F79EFBC}") = "MovieAPI", "MovieAPI\MovieAPI.csproj", "{134263BF-C8CB-4C70-A217-BCE30E1789AB}"
EndProject
Global
	GlobalSection(SolutionConfigurationPlatforms) = preSolution
		Debug|Any CPU = Debug|Any CPU
		Release|Any CPU = Release|Any CPU
	EndGlobalSection
	GlobalSection(ProjectConfigurationPlatforms) = postSolution
		{134263BF-C8CB-4C70-A217-BCE30E1789AB}.Debug|Any CPU.ActiveCfg = Debug|Any CPU
		{134263BF-C8CB-4C70-A217-BCE30E1789AB}.Debug|Any CPU.Build.0 = Debug|Any CPU
		{134263BF-C8CB-4C70-A217-BCE30E1789AB}.Release|Any CPU.ActiveCfg = Release|Any CPU
		{134263BF-C8CB-4C70-A217-BCE30E1789AB}.Release|Any CPU.Build.0 = Release|Any CPU
	EndGlobalSection
	GlobalSection(SolutionProperties) = preSolution
		HideSolutionNode = FALSE
	EndGlobalSection
	GlobalSection(ExtensibilityGlobals) = postSolution
		SolutionGuid = {940042D7-387D-4CBE-8C26-AC5430491E4A}
	EndGlobalSection
EndGlobal
